# This file is autogenerated, do not edit; changes may be undone by the next 'dep ensure'.


[[projects]]
  branch = "master"
  digest = "1:16bbca87da5ed51c06d1f8a238ed27592bec1ea6b478dc81037280167dbc826f"
  name = "github.com/appleboy/gin-jwt"
  packages = ["."]
  pruneopts = "UT"
  revision = "c21115ccebd465511fefed0a0b9f9a4f5a08318d"

[[projects]]
  digest = "1:abeb38ade3f32a92943e5be54f55ed6d6e3b6602761d74b4aab4c9dd45c18abd"
  name = "github.com/fsnotify/fsnotify"
  packages = ["."]
  pruneopts = "UT"
  revision = "c2828203cd70a50dcccfb2761f8b1f8ceef9a8e9"
  version = "v1.4.7"

[[projects]]
  digest = "1:2b59aca2665ff804f6606c8829eaee133ddd3aefbc841014660d961b0034f888"
  name = "github.com/gin-contrib/cors"
  packages = ["."]
  pruneopts = "UT"
  revision = "cf4846e6a636a76237a28d9286f163c132e841bc"
  version = "v1.2"

[[projects]]
  branch = "master"
  digest = "1:36fe9527deed01d2a317617e59304eb2c4ce9f8a24115bcc5c2e37b3aee5bae4"
  name = "github.com/gin-contrib/sse"
  packages = ["."]
  pruneopts = "UT"
  revision = "22d885f9ecc78bf4ee5d72b937e4bbcdc58e8cae"

[[projects]]
  branch = "master"
  digest = "1:2512ffe1a5325870c95033ff962b156ffea66e480a13a9c45a32c53443e77782"
  name = "github.com/gin-gonic/gin"
  packages = [
    ".",
    "binding",
    "json",
    "render",
  ]
  pruneopts = "UT"
  revision = "220e8d34538f5dfdcc299dda79bf83cf52e633f6"

[[projects]]
  digest = "1:d8180cdf086f729ae7c0c995194788c5578aed12cc49dd4673702b2b4073ca1f"
  name = "github.com/go-redis/redis"
  packages = [
    ".",
    "internal",
    "internal/consistenthash",
    "internal/hashtag",
    "internal/pool",
    "internal/proto",
    "internal/singleflight",
    "internal/util",
  ]
  pruneopts = "UT"
  revision = "83fb42932f6145ce52df09860384a4653d2d332a"
  version = "v6.12.0"

[[projects]]
  digest = "1:6f3922fbaa531dc18c7b7265da483aa560e67538ef2ee18a4f2ae5d5b5fc6850"
  name = "github.com/golang-migrate/migrate"
  packages = [
    ".",
    "database",
    "database/postgres",
    "source",
    "source/file",
  ]
  pruneopts = "UT"
  revision = "6bb3e494e544a6bba307308388e641393e7b4767"
  version = "v3.3.1"

[[projects]]
  digest = "1:15042ad3498153684d09f393bbaec6b216c8eec6d61f63dff711de7d64ed8861"
  name = "github.com/golang/protobuf"
  packages = ["proto"]
  pruneopts = "UT"
  revision = "b4deda0973fb4c70b50d226b1af49f3da59f5265"
  version = "v1.1.0"

[[projects]]
  digest = "1:8f8811f9be822914c3a25c6a071e93beb4c805d7b026cbf298bc577bc1cc945b"
  name = "github.com/google/uuid"
  packages = ["."]
  pruneopts = "UT"
  revision = "064e2069ce9c359c118179501254f67d7d37ba24"
  version = "0.2"

[[projects]]
  branch = "master"
  digest = "1:a361611b8c8c75a1091f00027767f7779b29cb37c456a71b8f2604c88057ab40"
  name = "github.com/hashicorp/hcl"
  packages = [
    ".",
    "hcl/ast",
    "hcl/parser",
    "hcl/printer",
    "hcl/scanner",
    "hcl/strconv",
    "hcl/token",
    "json/parser",
    "json/scanner",
    "json/token",
  ]
  pruneopts = "UT"
  revision = "ef8a98b0bbce4a65b5aa4c368430a80ddc533168"

[[projects]]
  digest = "1:eaefc85d32c03e5f0c2b88ea2f79fce3d993e2c78316d21319575dd4ea9153ca"
  name = "github.com/json-iterator/go"
  packages = ["."]
  pruneopts = "UT"
  revision = "ab8a2e0c74be9d3be70b3184d9acc634935ded82"
  version = "1.1.4"

[[projects]]
  branch = "master"
  digest = "1:37ce7d7d80531b227023331002c0d42b4b4b291a96798c82a049d03a54ba79e4"
  name = "github.com/lib/pq"
  packages = [
    ".",
    "oid",
  ]
  pruneopts = "UT"
  revision = "90697d60dd844d5ef6ff15135d0203f65d2f53b8"

[[projects]]
  digest = "1:c568d7727aa262c32bdf8a3f7db83614f7af0ed661474b24588de635c20024c7"
  name = "github.com/magiconair/properties"
  packages = ["."]
  pruneopts = "UT"
  revision = "c2353362d570a7bfa228149c62842019201cfb71"
  version = "v1.8.0"

[[projects]]
  digest = "1:d4d17353dbd05cb52a2a52b7fe1771883b682806f68db442b436294926bbfafb"
  name = "github.com/mattn/go-isatty"
  packages = ["."]
  pruneopts = "UT"
  revision = "0360b2af4f38e8d38c7fce2a9f4e702702d73a39"
  version = "v0.0.3"

[[projects]]
  branch = "master"
  digest = "1:5ab79470a1d0fb19b041a624415612f8236b3c06070161a910562f2b2d064355"
  name = "github.com/mitchellh/mapstructure"
  packages = ["."]
  pruneopts = "UT"
  revision = "f15292f7a699fcc1a38a80977f80a046874ba8ac"

[[projects]]
  digest = "1:33422d238f147d247752996a26574ac48dcf472976eda7f5134015f06bf16563"
  name = "github.com/modern-go/concurrent"
  packages = ["."]
  pruneopts = "UT"
  revision = "bacd9c7ef1dd9b15be4a9909b8ac7a4e313eec94"
  version = "1.0.3"

[[projects]]
  digest = "1:e32bdbdb7c377a07a9a46378290059822efdce5c8d96fe71940d87cb4f918855"
  name = "github.com/modern-go/reflect2"
  packages = ["."]
  pruneopts = "UT"
  revision = "4b7aa43c6742a2c18fdef89dd197aaae7dac7ccd"
  version = "1.0.1"

[[projects]]
  digest = "1:95741de3af260a92cc5c7f3f3061e85273f5a81b5db20d4bd68da74bd521675e"
  name = "github.com/pelletier/go-toml"
  packages = ["."]
  pruneopts = "UT"
  revision = "c01d1270ff3e442a8a57cddc1c92dc1138598194"
  version = "v1.2.0"

[[projects]]
  digest = "1:d867dfa6751c8d7a435821ad3b736310c2ed68945d05b50fb9d23aee0540c8cc"
  name = "github.com/sirupsen/logrus"
  packages = ["."]
  pruneopts = "UT"
  revision = "3e01752db0189b9157070a0e1668a620f9a85da2"
  version = "v1.0.6"

[[projects]]
  digest = "1:bd1ae00087d17c5a748660b8e89e1043e1e5479d0fea743352cda2f8dd8c4f84"
  name = "github.com/spf13/afero"
  packages = [
    ".",
    "mem",
  ]
  pruneopts = "UT"
  revision = "787d034dfe70e44075ccc060d346146ef53270ad"
  version = "v1.1.1"

[[projects]]
  digest = "1:516e71bed754268937f57d4ecb190e01958452336fa73dbac880894164e91c1f"
  name = "github.com/spf13/cast"
  packages = ["."]
  pruneopts = "UT"
  revision = "8965335b8c7107321228e3e3702cab9832751bac"
  version = "v1.2.0"

[[projects]]
  branch = "master"
  digest = "1:080e5f630945ad754f4b920e60b4d3095ba0237ebf88dc462eb28002932e3805"
  name = "github.com/spf13/jwalterweatherman"
  packages = ["."]
  pruneopts = "UT"
  revision = "7c0cea34c8ece3fbeb2b27ab9b59511d360fb394"

[[projects]]
  digest = "1:9424f440bba8f7508b69414634aef3b2b3a877e522d8a4624692412805407bb7"
  name = "github.com/spf13/pflag"
  packages = ["."]
  pruneopts = "UT"
  revision = "583c0c0531f06d5278b7d917446061adc344b5cd"
  version = "v1.0.1"

[[projects]]
  digest = "1:59e7dceb53b4a1e57eb1eb0bf9951ff0c25912df7660004a789b62b4e8cdca3b"
  name = "github.com/spf13/viper"
  packages = ["."]
  pruneopts = "UT"
  revision = "b5e8006cbee93ec955a89ab31e0e3ce3204f3736"
  version = "v1.0.2"

[[projects]]
  digest = "1:03aa6e485e528acb119fb32901cf99582c380225fc7d5a02758e08b180cb56c3"
  name = "github.com/ugorji/go"
  packages = ["codec"]
  pruneopts = "UT"
  revision = "b4c50a2b199d93b13dc15e78929cfb23bfdf21ab"
  version = "v1.1.1"

[[projects]]
  branch = "master"
  digest = "1:001a4e7a40e50ff2ef32e2556bca50c4f77daa457db3ac6afc8bea9bb2122cfb"
  name = "golang.org/x/crypto"
  packages = [
    "bcrypt",
    "blowfish",
    "ssh/terminal",
  ]
  pruneopts = "UT"
  revision = "a2144134853fc9a27a7b1e3eb4f19f1a76df13c9"

[[projects]]
  branch = "master"
  digest = "1:3364d01296ce7eeca363e3d530ae63a2092d6f8efb85fb3d101e8f6d7de83452"
  name = "golang.org/x/sys"
  packages = [
    "unix",
    "windows",
  ]
  pruneopts = "UT"
  revision = "ac767d655b305d4e9612f5f6e33120b9176c4ad4"

[[projects]]
  digest = "1:8029e9743749d4be5bc9f7d42ea1659471767860f0cdc34d37c3111bd308a295"
  name = "golang.org/x/text"
  packages = [
    "internal/gen",
    "internal/triegen",
    "internal/ucd",
    "transform",
    "unicode/cldr",
    "unicode/norm",
  ]
  pruneopts = "UT"
  revision = "f21a4dfb5e38f5895301dc265a8def02365cc3d0"
  version = "v0.3.0"

[[projects]]
  digest = "1:76dc72490af7174349349838f2fe118996381b31ea83243812a97e5a0fd5ed55"
  name = "gopkg.in/dgrijalva/jwt-go.v3"
  packages = ["."]
  pruneopts = "UT"
  revision = "06ea1031745cb8b3dab3f6a236daf2b0aa468b7e"
  version = "v3.2.0"

[[projects]]
  digest = "1:cbc72c4c4886a918d6ab4b95e347ffe259846260f99ebdd8a198c2331cf2b2e9"
  name = "gopkg.in/go-playground/validator.v8"
  packages = ["."]
  pruneopts = "UT"
  revision = "5f1438d3fca68893a817e4a66806cea46a9e4ebf"
  version = "v8.18.2"

[[projects]]
  digest = "1:342378ac4dcb378a5448dd723f0784ae519383532f5e70ade24132c4c8693202"
  name = "gopkg.in/yaml.v2"
  packages = ["."]
  pruneopts = "UT"
  revision = "5420a8b6744d3b0345ab293f6fcba19c978f1183"
  version = "v2.2.1"

[solve-meta]
  analyzer-name = "dep"
  analyzer-version = 1
  input-imports = [
    "github.com/appleboy/gin-jwt",
    "github.com/gin-contrib/cors",
    "github.com/gin-gonic/gin",
    "github.com/go-redis/redis",
    "github.com/golang-migrate/migrate",
    "github.com/golang-migrate/migrate/database/postgres",
    "github.com/golang-migrate/migrate/source/file",
    "github.com/google/uuid",
    "github.com/lib/pq",
    "github.com/sirupsen/logrus",
    "github.com/spf13/viper",
    "golang.org/x/crypto/bcrypt",
  ]
  solver-name = "gps-cdcl"
  solver-version = 1
